
Microsoft Visual Studio Solution File, Format Version 12.00
# Visual Studio Version 17
VisualStudioVersion = 17.1.32328.378
MinimumVisualStudioVersion = 10.0.40219.1
Project("{9A19103F-16F7-4668-BE54-9A1E7A4F7556}") = "ZimHelpDesk", "ZimHelpDesk.csproj", "{2DEFAE49-1A87-4AB9-B4AE-84F2A4ABC40D}"
EndProject
Global
	GlobalSection(SolutionConfigurationPlatforms) = preSolution
		Debug|Any CPU = Debug|Any CPU
		Release|Any CPU = Release|Any CPU
	EndGlobalSection
	GlobalSection(ProjectConfigurationPlatforms) = postSolution
		{2DEFAE49-1A87-4AB9-B4AE-84F2A4ABC40D}.Debug|Any CPU.ActiveCfg = Debug|Any CPU
		{2DEFAE49-1A87-4AB9-B4AE-84F2A4ABC40D}.Debug|Any CPU.Build.0 = Debug|Any CPU
		{2DEFAE49-1A87-4AB9-B4AE-84F2A4ABC40D}.Release|Any CPU.ActiveCfg = Release|Any CPU
		{2DEFAE49-1A87-4AB9-B4AE-84F2A4ABC40D}.Release|Any CPU.Build.0 = Release|Any CPU
	EndGlobalSection
	GlobalSection(SolutionProperties) = preSolution
		HideSolutionNode = FALSE
	EndGlobalSection
	GlobalSection(ExtensibilityGlobals) = postSolution
		SolutionGuid = {0B0B837D-BDF5-422F-9481-1C547946E894}
	EndGlobalSection
EndGlobal
